
Microsoft Visual Studio Solution File, Format Version 12.00
# Visual Studio 15
VisualStudioVersion = 15.0.28307.329
MinimumVisualStudioVersion = 10.0.40219.1
Project("{FAE04EC0-301F-11D3-BF4B-00C04F79EFBC}") = "HouseOfCoffee", "HouseOfCoffee\HouseOfCoffee.csproj", "{EA98BBE2-127C-4A53-AF4B-ADDE67E47CB8}"
EndProject
Project("{FAE04EC0-301F-11D3-BF4B-00C04F79EFBC}") = "MyClassLibrary", "MyClassLibrary\MyClassLibrary.csproj", "{EB4FBFDF-FD98-4CA1-B30A-0C8BB191DB8E}"
EndProject
Global
	GlobalSection(SolutionConfigurationPlatforms) = preSolution
		Debug|Any CPU = Debug|Any CPU
		Release|Any CPU = Release|Any CPU
	EndGlobalSection
	GlobalSection(ProjectConfigurationPlatforms) = postSolution
		{EA98BBE2-127C-4A53-AF4B-ADDE67E47CB8}.Debug|Any CPU.ActiveCfg = Debug|Any CPU
		{EA98BBE2-127C-4A53-AF4B-ADDE67E47CB8}.Debug|Any CPU.Build.0 = Debug|Any CPU
		{EA98BBE2-127C-4A53-AF4B-ADDE67E47CB8}.Release|Any CPU.ActiveCfg = Release|Any CPU
		{EA98BBE2-127C-4A53-AF4B-ADDE67E47CB8}.Release|Any CPU.Build.0 = Release|Any CPU
		{EB4FBFDF-FD98-4CA1-B30A-0C8BB191DB8E}.Debug|Any CPU.ActiveCfg = Debug|Any CPU
		{EB4FBFDF-FD98-4CA1-B30A-0C8BB191DB8E}.Debug|Any CPU.Build.0 = Debug|Any CPU
		{EB4FBFDF-FD98-4CA1-B30A-0C8BB191DB8E}.Release|Any CPU.ActiveCfg = Release|Any CPU
		{EB4FBFDF-FD98-4CA1-B30A-0C8BB191DB8E}.Release|Any CPU.Build.0 = Release|Any CPU
	EndGlobalSection
	GlobalSection(SolutionProperties) = preSolution
		HideSolutionNode = FALSE
	EndGlobalSection
	GlobalSection(ExtensibilityGlobals) = postSolution
		SolutionGuid = {BCBFC67F-C059-43B0-A29A-9EF7CC8A8D33}
	EndGlobalSection
EndGlobal
